// !$*UTF8*$!
{
	archiveVersion = 1;
	classes = {
	};
	objectVersion = 55;
	objects = {

/* Begin PBXBuildFile section */
		679E973B2806095D001E1B11 /* HomePageCollectionViewCell.swift in Sources */ = {isa = PBXBuildFile; fileRef = 679E973A2806095D001E1B11 /* HomePageCollectionViewCell.swift */; };
		679E973E280617D8001E1B11 /* Constant.swift in Sources */ = {isa = PBXBuildFile; fileRef = 679E973D280617D8001E1B11 /* Constant.swift */; };
		679E974028067291001E1B11 /* HomePageViewModel.swift in Sources */ = {isa = PBXBuildFile; fileRef = 679E973F28067291001E1B11 /* HomePageViewModel.swift */; };
		67D3FB9527FFD66F00E99C56 /* AppDelegate.swift in Sources */ = {isa = PBXBuildFile; fileRef = 67D3FB9427FFD66F00E99C56 /* AppDelegate.swift */; };
		67D3FB9727FFD66F00E99C56 /* SceneDelegate.swift in Sources */ = {isa = PBXBuildFile; fileRef = 67D3FB9627FFD66F00E99C56 /* SceneDelegate.swift */; };
		67D3FB9927FFD66F00E99C56 /* ImportViewController.swift in Sources */ = {isa = PBXBuildFile; fileRef = 67D3FB9827FFD66F00E99C56 /* ImportViewController.swift */; };
		67D3FB9E27FFD67200E99C56 /* Assets.xcassets in Resources */ = {isa = PBXBuildFile; fileRef = 67D3FB9D27FFD67200E99C56 /* Assets.xcassets */; };
		67D3FBA127FFD67200E99C56 /* LaunchScreen.storyboard in Resources */ = {isa = PBXBuildFile; fileRef = 67D3FB9F27FFD67200E99C56 /* LaunchScreen.storyboard */; };
		67D3FBA927FFED5A00E99C56 /* GoogleService-Info.plist in Resources */ = {isa = PBXBuildFile; fileRef = 67D3FBA827FFED5A00E99C56 /* GoogleService-Info.plist */; };
		67D4F0CD2803B736004B986B /* DatabaseManager.swift in Sources */ = {isa = PBXBuildFile; fileRef = 67D4F0CC2803B736004B986B /* DatabaseManager.swift */; };
		67D4F0F028051D28004B986B /* TabBarViewController.swift in Sources */ = {isa = PBXBuildFile; fileRef = 67D4F0EF28051D28004B986B /* TabBarViewController.swift */; };
		67D4F0F228051D86004B986B /* HomeViewController.swift in Sources */ = {isa = PBXBuildFile; fileRef = 67D4F0F128051D86004B986B /* HomeViewController.swift */; };
		67D4F0F428051DBA004B986B /* UpdateViewController.swift in Sources */ = {isa = PBXBuildFile; fileRef = 67D4F0F328051DBA004B986B /* UpdateViewController.swift */; };
		67D4F0F628051DCC004B986B /* ExportViewController.swift in Sources */ = {isa = PBXBuildFile; fileRef = 67D4F0F528051DCB004B986B /* ExportViewController.swift */; };
		67D9899A280141320029CAF9 /* SecondViewController.swift in Sources */ = {isa = PBXBuildFile; fileRef = 67D98999280141320029CAF9 /* SecondViewController.swift */; };
		8F7E347CC9799EEB393C22AD /* Pods_Warehouse_App.framework in Frameworks */ = {isa = PBXBuildFile; fileRef = 771E629D6B487A40C4C058DB /* Pods_Warehouse_App.framework */; };
/* End PBXBuildFile section */

/* Begin PBXFileReference section */
		4F9515D2F1B7FC0C4BD5D138 /* Pods-Warehouse App.release.xcconfig */ = {isa = PBXFileReference; includeInIndex = 1; lastKnownFileType = text.xcconfig; name = "Pods-Warehouse App.release.xcconfig"; path = "Target Support Files/Pods-Warehouse App/Pods-Warehouse App.release.xcconfig"; sourceTree = "<group>"; };
		679E973A2806095D001E1B11 /* HomePageCollectionViewCell.swift */ = {isa = PBXFileReference; lastKnownFileType = sourcecode.swift; path = HomePageCollectionViewCell.swift; sourceTree = "<group>"; };
		679E973D280617D8001E1B11 /* Constant.swift */ = {isa = PBXFileReference; lastKnownFileType = sourcecode.swift; path = Constant.swift; sourceTree = "<group>"; };
		679E973F28067291001E1B11 /* HomePageViewModel.swift */ = {isa = PBXFileReference; lastKnownFileType = sourcecode.swift; path = HomePageViewModel.swift; sourceTree = "<group>"; };
		67D3FB9127FFD66F00E99C56 /* Warehouse App.app */ = {isa = PBXFileReference; explicitFileType = wrapper.application; includeInIndex = 0; path = "Warehouse App.app"; sourceTree = BUILT_PRODUCTS_DIR; };
		67D3FB9427FFD66F00E99C56 /* AppDelegate.swift */ = {isa = PBXFileReference; lastKnownFileType = sourcecode.swift; path = AppDelegate.swift; sourceTree = "<group>"; };
		67D3FB9627FFD66F00E99C56 /* SceneDelegate.swift */ = {isa = PBXFileReference; lastKnownFileType = sourcecode.swift; path = SceneDelegate.swift; sourceTree = "<group>"; };
		67D3FB9827FFD66F00E99C56 /* ImportViewController.swift */ = {isa = PBXFileReference; lastKnownFileType = sourcecode.swift; path = ImportViewController.swift; sourceTree = "<group>"; };
		67D3FB9D27FFD67200E99C56 /* Assets.xcassets */ = {isa = PBXFileReference; lastKnownFileType = folder.assetcatalog; path = Assets.xcassets; sourceTree = "<group>"; };
		67D3FBA027FFD67200E99C56 /* Base */ = {isa = PBXFileReference; lastKnownFileType = file.storyboard; name = Base; path = Base.lproj/LaunchScreen.storyboard; sourceTree = "<group>"; };
		67D3FBA227FFD67200E99C56 /* Info.plist */ = {isa = PBXFileReference; lastKnownFileType = text.plist.xml; path = Info.plist; sourceTree = "<group>"; };
		67D3FBA827FFED5A00E99C56 /* GoogleService-Info.plist */ = {isa = PBXFileReference; fileEncoding = 4; lastKnownFileType = text.plist.xml; path = "GoogleService-Info.plist"; sourceTree = "<group>"; };
		67D4F0CC2803B736004B986B /* DatabaseManager.swift */ = {isa = PBXFileReference; lastKnownFileType = sourcecode.swift; path = DatabaseManager.swift; sourceTree = "<group>"; };
		67D4F0EF28051D28004B986B /* TabBarViewController.swift */ = {isa = PBXFileReference; lastKnownFileType = sourcecode.swift; path = TabBarViewController.swift; sourceTree = "<group>"; };
		67D4F0F128051D86004B986B /* HomeViewController.swift */ = {isa = PBXFileReference; lastKnownFileType = sourcecode.swift; path = HomeViewController.swift; sourceTree = "<group>"; };
		67D4F0F328051DBA004B986B /* UpdateViewController.swift */ = {isa = PBXFileReference; lastKnownFileType = sourcecode.swift; path = UpdateViewController.swift; sourceTree = "<group>"; };
		67D4F0F528051DCB004B986B /* ExportViewController.swift */ = {isa = PBXFileReference; lastKnownFileType = sourcecode.swift; path = ExportViewController.swift; sourceTree = "<group>"; };
		67D98999280141320029CAF9 /* SecondViewController.swift */ = {isa = PBXFileReference; lastKnownFileType = sourcecode.swift; path = SecondViewController.swift; sourceTree = "<group>"; };
		771E629D6B487A40C4C058DB /* Pods_Warehouse_App.framework */ = {isa = PBXFileReference; explicitFileType = wrapper.framework; includeInIndex = 0; path = Pods_Warehouse_App.framework; sourceTree = BUILT_PRODUCTS_DIR; };
		A93FF71ED3DB933A1CE6CBB3 /* Pods-Warehouse App.debug.xcconfig */ = {isa = PBXFileReference; includeInIndex = 1; lastKnownFileType = text.xcconfig; name = "Pods-Warehouse App.debug.xcconfig"; path = "Target Support Files/Pods-Warehouse App/Pods-Warehouse App.debug.xcconfig"; sourceTree = "<group>"; };
/* End PBXFileReference section */

/* Begin PBXFrameworksBuildPhase section */
		67D3FB8E27FFD66F00E99C56 /* Frameworks */ = {
			isa = PBXFrameworksBuildPhase;
			buildActionMask = 2147483647;
			files = (
				8F7E347CC9799EEB393C22AD /* Pods_Warehouse_App.framework in Frameworks */,
			);
			runOnlyForDeploymentPostprocessing = 0;
		};
/* End PBXFrameworksBuildPhase section */

/* Begin PBXGroup section */
		51657A00EC659BB8FD8B505F /* Frameworks */ = {
			isa = PBXGroup;
			children = (
				771E629D6B487A40C4C058DB /* Pods_Warehouse_App.framework */,
			);
			name = Frameworks;
			sourceTree = "<group>";
		};
		679E973C280617C5001E1B11 /* Others */ = {
			isa = PBXGroup;
			children = (
				679E973D280617D8001E1B11 /* Constant.swift */,
			);
			path = Others;
			sourceTree = "<group>";
		};
		67D3FB8827FFD66F00E99C56 = {
			isa = PBXGroup;
			children = (
				67D3FB9327FFD66F00E99C56 /* Warehouse App */,
				67D3FB9227FFD66F00E99C56 /* Products */,
				B5B5F1E1427B9D632D50D4B4 /* Pods */,
				51657A00EC659BB8FD8B505F /* Frameworks */,
			);
			sourceTree = "<group>";
		};
		67D3FB9227FFD66F00E99C56 /* Products */ = {
			isa = PBXGroup;
			children = (
				67D3FB9127FFD66F00E99C56 /* Warehouse App.app */,
			);
			name = Products;
			sourceTree = "<group>";
		};
		67D3FB9327FFD66F00E99C56 /* Warehouse App */ = {
			isa = PBXGroup;
			children = (
				67D3FBA227FFD67200E99C56 /* Info.plist */,
				67D4F0F728051DFC004B986B /* Resources */,
				679E973C280617C5001E1B11 /* Others */,
				67D4F0EE28051CF4004B986B /* View */,
				67D4F0CB2803B721004B986B /* Managers */,
			);
			path = "Warehouse App";
			sourceTree = "<group>";
		};
		67D4F0CB2803B721004B986B /* Managers */ = {
			isa = PBXGroup;
			children = (
				67D4F0CC2803B736004B986B /* DatabaseManager.swift */,
			);
			path = Managers;
			sourceTree = "<group>";
		};
		67D4F0EE28051CF4004B986B /* View */ = {
			isa = PBXGroup;
			children = (
				67D3FB9827FFD66F00E99C56 /* ImportViewController.swift */,
				67D98999280141320029CAF9 /* SecondViewController.swift */,
				67D4F0F128051D86004B986B /* HomeViewController.swift */,
				67D4F0F328051DBA004B986B /* UpdateViewController.swift */,
				67D4F0F528051DCB004B986B /* ExportViewController.swift */,
				67D4F0EF28051D28004B986B /* TabBarViewController.swift */,
				679E973A2806095D001E1B11 /* HomePageCollectionViewCell.swift */,
				679E973F28067291001E1B11 /* HomePageViewModel.swift */,
			);
			path = View;
			sourceTree = "<group>";
		};
		67D4F0F728051DFC004B986B /* Resources */ = {
			isa = PBXGroup;
			children = (
				67D3FB9D27FFD67200E99C56 /* Assets.xcassets */,
				67D3FB9427FFD66F00E99C56 /* AppDelegate.swift */,
				67D3FB9627FFD66F00E99C56 /* SceneDelegate.swift */,
				67D3FB9F27FFD67200E99C56 /* LaunchScreen.storyboard */,
				67D3FBA827FFED5A00E99C56 /* GoogleService-Info.plist */,
			);
			path = Resources;
			sourceTree = "<group>";
		};
		B5B5F1E1427B9D632D50D4B4 /* Pods */ = {
			isa = PBXGroup;
			children = (
				A93FF71ED3DB933A1CE6CBB3 /* Pods-Warehouse App.debug.xcconfig */,
				4F9515D2F1B7FC0C4BD5D138 /* Pods-Warehouse App.release.xcconfig */,
			);
			path = Pods;
			sourceTree = "<group>";
		};
/* End PBXGroup section */

/* Begin PBXNativeTarget section */
		67D3FB9027FFD66F00E99C56 /* Warehouse App */ = {
			isa = PBXNativeTarget;
			buildConfigurationList = 67D3FBA527FFD67200E99C56 /* Build configuration list for PBXNativeTarget "Warehouse App" */;
			buildPhases = (
				C5E4AA654BFED174AA1D709C /* [CP] Check Pods Manifest.lock */,
				67D3FB8D27FFD66F00E99C56 /* Sources */,
				67D3FB8E27FFD66F00E99C56 /* Frameworks */,
				67D3FB8F27FFD66F00E99C56 /* Resources */,
				3D5285813FC33955D2404353 /* [CP] Embed Pods Frameworks */,
			);
			buildRules = (
			);
			dependencies = (
			);
			name = "Warehouse App";
			productName = "Warehouse App";
			productReference = 67D3FB9127FFD66F00E99C56 /* Warehouse App.app */;
			productType = "com.apple.product-type.application";
		};
/* End PBXNativeTarget section */

/* Begin PBXProject section */
		67D3FB8927FFD66F00E99C56 /* Project object */ = {
			isa = PBXProject;
			attributes = {
				BuildIndependentTargetsInParallel = 1;
				LastSwiftUpdateCheck = 1320;
				LastUpgradeCheck = 1320;
				TargetAttributes = {
					67D3FB9027FFD66F00E99C56 = {
						CreatedOnToolsVersion = 13.2.1;
					};
				};
			};
			buildConfigurationList = 67D3FB8C27FFD66F00E99C56 /* Build configuration list for PBXProject "Warehouse App" */;
			compatibilityVersion = "Xcode 13.0";
			developmentRegion = en;
			hasScannedForEncodings = 0;
			knownRegions = (
				en,
				Base,
			);
			mainGroup = 67D3FB8827FFD66F00E99C56;
			productRefGroup = 67D3FB9227FFD66F00E99C56 /* Products */;
			projectDirPath = "";
			projectRoot = "";
			targets = (
				67D3FB9027FFD66F00E99C56 /* Warehouse App */,
			);
		};
/* End PBXProject section */

/* Begin PBXResourcesBuildPhase section */
		67D3FB8F27FFD66F00E99C56 /* Resources */ = {
			isa = PBXResourcesBuildPhase;
			buildActionMask = 2147483647;
			files = (
				67D3FBA127FFD67200E99C56 /* LaunchScreen.storyboard in Resources */,
				67D3FBA927FFED5A00E99C56 /* GoogleService-Info.plist in Resources */,
				67D3FB9E27FFD67200E99C56 /* Assets.xcassets in Resources */,
			);
			runOnlyForDeploymentPostprocessing = 0;
		};
/* End PBXResourcesBuildPhase section */

/* Begin PBXShellScriptBuildPhase section */
		3D5285813FC33955D2404353 /* [CP] Embed Pods Frameworks */ = {
			isa = PBXShellScriptBuildPhase;
			buildActionMask = 2147483647;
			files = (
			);
			inputFileListPaths = (
				"${PODS_ROOT}/Target Support Files/Pods-Warehouse App/Pods-Warehouse App-frameworks-${CONFIGURATION}-input-files.xcfilelist",
			);
			name = "[CP] Embed Pods Frameworks";
			outputFileListPaths = (
				"${PODS_ROOT}/Target Support Files/Pods-Warehouse App/Pods-Warehouse App-frameworks-${CONFIGURATION}-output-files.xcfilelist",
			);
			runOnlyForDeploymentPostprocessing = 0;
			shellPath = /bin/sh;
			shellScript = "\"${PODS_ROOT}/Target Support Files/Pods-Warehouse App/Pods-Warehouse App-frameworks.sh\"\n";
			showEnvVarsInLog = 0;
		};
		C5E4AA654BFED174AA1D709C /* [CP] Check Pods Manifest.lock */ = {
			isa = PBXShellScriptBuildPhase;
			buildActionMask = 2147483647;
			files = (
			);
			inputFileListPaths = (
			);
			inputPaths = (
				"${PODS_PODFILE_DIR_PATH}/Podfile.lock",
				"${PODS_ROOT}/Manifest.lock",
			);
			name = "[CP] Check Pods Manifest.lock";
			outputFileListPaths = (
			);
			outputPaths = (
				"$(DERIVED_FILE_DIR)/Pods-Warehouse App-checkManifestLockResult.txt",
			);
			runOnlyForDeploymentPostprocessing = 0;
			shellPath = /bin/sh;
			shellScript = "diff \"${PODS_PODFILE_DIR_PATH}/Podfile.lock\" \"${PODS_ROOT}/Manifest.lock\" > /dev/null\nif [ $? != 0 ] ; then\n    # print error to STDERR\n    echo \"error: The sandbox is not in sync with the Podfile.lock. Run 'pod install' or update your CocoaPods installation.\" >&2\n    exit 1\nfi\n# This output is used by Xcode 'outputs' to avoid re-running this script phase.\necho \"SUCCESS\" > \"${SCRIPT_OUTPUT_FILE_0}\"\n";
			showEnvVarsInLog = 0;
		};
/* End PBXShellScriptBuildPhase section */

/* Begin PBXSourcesBuildPhase section */
		67D3FB8D27FFD66F00E99C56 /* Sources */ = {
			isa = PBXSourcesBuildPhase;
			buildActionMask = 2147483647;
			files = (
				67D9899A280141320029CAF9 /* SecondViewController.swift in Sources */,
				67D3FB9927FFD66F00E99C56 /* ImportViewController.swift in Sources */,
				67D4F0F628051DCC004B986B /* ExportViewController.swift in Sources */,
				67D4F0CD2803B736004B986B /* DatabaseManager.swift in Sources */,
				67D3FB9527FFD66F00E99C56 /* AppDelegate.swift in Sources */,
				67D4F0F028051D28004B986B /* TabBarViewController.swift in Sources */,
				67D4F0F228051D86004B986B /* HomeViewController.swift in Sources */,
				67D3FB9727FFD66F00E99C56 /* SceneDelegate.swift in Sources */,
				679E974028067291001E1B11 /* HomePageViewModel.swift in Sources */,
				679E973E280617D8001E1B11 /* Constant.swift in Sources */,
				679E973B2806095D001E1B11 /* HomePageCollectionViewCell.swift in Sources */,
				67D4F0F428051DBA004B986B /* UpdateViewController.swift in Sources */,
			);
			runOnlyForDeploymentPostprocessing = 0;
		};
/* End PBXSourcesBuildPhase section */

/* Begin PBXVariantGroup section */
		67D3FB9F27FFD67200E99C56 /* LaunchScreen.storyboard */ = {
			isa = PBXVariantGroup;
			children = (
				67D3FBA027FFD67200E99C56 /* Base */,
			);
			name = LaunchScreen.storyboard;
			sourceTree = "<group>";
		};
/* End PBXVariantGroup section */

/* Begin XCBuildConfiguration section */
		67D3FBA327FFD67200E99C56 /* Debug */ = {
			isa = XCBuildConfiguration;
			buildSettings = {
				ALWAYS_SEARCH_USER_PATHS = NO;
				CLANG_ANALYZER_NONNULL = YES;
				CLANG_ANALYZER_NUMBER_OBJECT_CONVERSION = YES_AGGRESSIVE;
				CLANG_CXX_LANGUAGE_STANDARD = "gnu++17";
				CLANG_CXX_LIBRARY = "libc++";
				CLANG_ENABLE_MODULES = YES;
				CLANG_ENABLE_OBJC_ARC = YES;
				CLANG_ENABLE_OBJC_WEAK = YES;
				CLANG_WARN_BLOCK_CAPTURE_AUTORELEASING = YES;
				CLANG_WARN_BOOL_CONVERSION = YES;
				CLANG_WARN_COMMA = YES;
				CLANG_WARN_CONSTANT_CONVERSION = YES;
				CLANG_WARN_DEPRECATED_OBJC_IMPLEMENTATIONS = YES;
				CLANG_WARN_DIRECT_OBJC_ISA_USAGE = YES_ERROR;
				CLANG_WARN_DOCUMENTATION_COMMENTS = YES;
				CLANG_WARN_EMPTY_BODY = YES;
				CLANG_WARN_ENUM_CONVERSION = YES;
				CLANG_WARN_INFINITE_RECURSION = YES;
				CLANG_WARN_INT_CONVERSION = YES;
				CLANG_WARN_NON_LITERAL_NULL_CONVERSION = YES;
				CLANG_WARN_OBJC_IMPLICIT_RETAIN_SELF = YES;
				CLANG_WARN_OBJC_LITERAL_CONVERSION = YES;
				CLANG_WARN_OBJC_ROOT_CLASS = YES_ERROR;
				CLANG_WARN_QUOTED_INCLUDE_IN_FRAMEWORK_HEADER = YES;
				CLANG_WARN_RANGE_LOOP_ANALYSIS = YES;
				CLANG_WARN_STRICT_PROTOTYPES = YES;
				CLANG_WARN_SUSPICIOUS_MOVE = YES;
				CLANG_WARN_UNGUARDED_AVAILABILITY = YES_AGGRESSIVE;
				CLANG_WARN_UNREACHABLE_CODE = YES;
				CLANG_WARN__DUPLICATE_METHOD_MATCH = YES;
				COPY_PHASE_STRIP = NO;
				DEBUG_INFORMATION_FORMAT = dwarf;
				ENABLE_STRICT_OBJC_MSGSEND = YES;
				ENABLE_TESTABILITY = YES;
				GCC_C_LANGUAGE_STANDARD = gnu11;
				GCC_DYNAMIC_NO_PIC = NO;
				GCC_NO_COMMON_BLOCKS = YES;
				GCC_OPTIMIZATION_LEVEL = 0;
				GCC_PREPROCESSOR_DEFINITIONS = (
					"DEBUG=1",
					"$(inherited)",
				);
				GCC_WARN_64_TO_32_BIT_CONVERSION = YES;
				GCC_WARN_ABOUT_RETURN_TYPE = YES_ERROR;
				GCC_WARN_UNDECLARED_SELECTOR = YES;
				GCC_WARN_UNINITIALIZED_AUTOS = YES_AGGRESSIVE;
				GCC_WARN_UNUSED_FUNCTION = YES;
				GCC_WARN_UNUSED_VARIABLE = YES;
				IPHONEOS_DEPLOYMENT_TARGET = 15.2;
				MTL_ENABLE_DEBUG_INFO = INCLUDE_SOURCE;
				MTL_FAST_MATH = YES;
				ONLY_ACTIVE_ARCH = YES;
				SDKROOT = iphoneos;
				SWIFT_ACTIVE_COMPILATION_CONDITIONS = DEBUG;
				SWIFT_OPTIMIZATION_LEVEL = "-Onone";
			};
			name = Debug;
		};
		67D3FBA427FFD67200E99C56 /* Release */ = {
			isa = XCBuildConfiguration;
			buildSettings = {
				ALWAYS_SEARCH_USER_PATHS = NO;
				CLANG_ANALYZER_NONNULL = YES;
				CLANG_ANALYZER_NUMBER_OBJECT_CONVERSION = YES_AGGRESSIVE;
				CLANG_CXX_LANGUAGE_STANDARD = "gnu++17";
				CLANG_CXX_LIBRARY = "libc++";
				CLANG_ENABLE_MODULES = YES;
				CLANG_ENABLE_OBJC_ARC = YES;
				CLANG_ENABLE_OBJC_WEAK = YES;
				CLANG_WARN_BLOCK_CAPTURE_AUTORELEASING = YES;
				CLANG_WARN_BOOL_CONVERSION = YES;
				CLANG_WARN_COMMA = YES;
				CLANG_WARN_CONSTANT_CONVERSION = YES;
				CLANG_WARN_DEPRECATED_OBJC_IMPLEMENTATIONS = YES;
				CLANG_WARN_DIRECT_OBJC_ISA_USAGE = YES_ERROR;
				CLANG_WARN_DOCUMENTATION_COMMENTS = YES;
				CLANG_WARN_EMPTY_BODY = YES;
				CLANG_WARN_ENUM_CONVERSION = YES;
				CLANG_WARN_INFINITE_RECURSION = YES;
				CLANG_WARN_INT_CONVERSION = YES;
				CLANG_WARN_NON_LITERAL_NULL_CONVERSION = YES;
				CLANG_WARN_OBJC_IMPLICIT_RETAIN_SELF = YES;
				CLANG_WARN_OBJC_LITERAL_CONVERSION = YES;
				CLANG_WARN_OBJC_ROOT_CLASS = YES_ERROR;
				CLANG_WARN_QUOTED_INCLUDE_IN_FRAMEWORK_HEADER = YES;
				CLANG_WARN_RANGE_LOOP_ANALYSIS = YES;
				CLANG_WARN_STRICT_PROTOTYPES = YES;
				CLANG_WARN_SUSPICIOUS_MOVE = YES;
				CLANG_WARN_UNGUARDED_AVAILABILITY = YES_AGGRESSIVE;
				CLANG_WARN_UNREACHABLE_CODE = YES;
				CLANG_WARN__DUPLICATE_METHOD_MATCH = YES;
				COPY_PHASE_STRIP = NO;
				DEBUG_INFORMATION_FORMAT = "dwarf-with-dsym";
				ENABLE_NS_ASSERTIONS = NO;
				ENABLE_STRICT_OBJC_MSGSEND = YES;
				GCC_C_LANGUAGE_STANDARD = gnu11;
				GCC_NO_COMMON_BLOCKS = YES;
				GCC_WARN_64_TO_32_BIT_CONVERSION = YES;
				GCC_WARN_ABOUT_RETURN_TYPE = YES_ERROR;
				GCC_WARN_UNDECLARED_SELECTOR = YES;
				GCC_WARN_UNINITIALIZED_AUTOS = YES_AGGRESSIVE;
				GCC_WARN_UNUSED_FUNCTION = YES;
				GCC_WARN_UNUSED_VARIABLE = YES;
				IPHONEOS_DEPLOYMENT_TARGET = 15.2;
				MTL_ENABLE_DEBUG_INFO = NO;
				MTL_FAST_MATH = YES;
				SDKROOT = iphoneos;
				SWIFT_COMPILATION_MODE = wholemodule;
				SWIFT_OPTIMIZATION_LEVEL = "-O";
				VALIDATE_PRODUCT = YES;
			};
			name = Release;
		};
		67D3FBA627FFD67200E99C56 /* Debug */ = {
			isa = XCBuildConfiguration;
			baseConfigurationReference = A93FF71ED3DB933A1CE6CBB3 /* Pods-Warehouse App.debug.xcconfig */;
			buildSettings = {
				ASSETCATALOG_COMPILER_APPICON_NAME = AppIcon;
				ASSETCATALOG_COMPILER_GLOBAL_ACCENT_COLOR_NAME = AccentColor;
				CODE_SIGN_STYLE = Automatic;
				CURRENT_PROJECT_VERSION = 1;
				DEVELOPMENT_TEAM = L6M78ZXF68;
				GENERATE_INFOPLIST_FILE = YES;
				INFOPLIST_FILE = "Warehouse App/Info.plist";
				INFOPLIST_KEY_UIApplicationSupportsIndirectInputEvents = YES;
				INFOPLIST_KEY_UILaunchStoryboardName = LaunchScreen;
				INFOPLIST_KEY_UISupportedInterfaceOrientations = UIInterfaceOrientationPortrait;
				INFOPLIST_KEY_UISupportedInterfaceOrientations_iPad = "UIInterfaceOrientationPortrait UIInterfaceOrientationPortraitUpsideDown UIInterfaceOrientationLandscapeLeft UIInterfaceOrientationLandscapeRight";
				INFOPLIST_KEY_UISupportedInterfaceOrientations_iPhone = "UIInterfaceOrientationPortrait UIInterfaceOrientationLandscapeLeft UIInterfaceOrientationLandscapeRight";
				LD_RUNPATH_SEARCH_PATHS = (
					"$(inherited)",
					"@executable_path/Frameworks",
				);
				MARKETING_VERSION = 1.0;
				PRODUCT_BUNDLE_IDENTIFIER = "com.anhdinh.Warehouse-App";
				PRODUCT_NAME = "$(TARGET_NAME)";
				SWIFT_EMIT_LOC_STRINGS = YES;
				SWIFT_VERSION = 5.0;
				TARGETED_DEVICE_FAMILY = 1;
			};
			name = Debug;
		};
		67D3FBA727FFD67200E99C56 /* Release */ = {
			isa = XCBuildConfiguration;
			baseConfigurationReference = 4F9515D2F1B7FC0C4BD5D138 /* Pods-Warehouse App.release.xcconfig */;
			buildSettings = {
				ASSETCATALOG_COMPILER_APPICON_NAME = AppIcon;
				ASSETCATALOG_COMPILER_GLOBAL_ACCENT_COLOR_NAME = AccentColor;
				CODE_SIGN_STYLE = Automatic;
				CURRENT_PROJECT_VERSION = 1;
				DEVELOPMENT_TEAM = L6M78ZXF68;
				GENERATE_INFOPLIST_FILE = YES;
				INFOPLIST_FILE = "Warehouse App/Info.plist";
				INFOPLIST_KEY_UIApplicationSupportsIndirectInputEvents = YES;
				INFOPLIST_KEY_UILaunchStoryboardName = LaunchScreen;
				INFOPLIST_KEY_UISupportedInterfaceOrientations = UIInterfaceOrientationPortrait;
				INFOPLIST_KEY_UISupportedInterfaceOrientations_iPad = "UIInterfaceOrientationPortrait UIInterfaceOrientationPortraitUpsideDown UIInterfaceOrientationLandscapeLeft UIInterfaceOrientationLandscapeRight";
				INFOPLIST_KEY_UISupportedInterfaceOrientations_iPhone = "UIInterfaceOrientationPortrait UIInterfaceOrientationLandscapeLeft UIInterfaceOrientationLandscapeRight";
				LD_RUNPATH_SEARCH_PATHS = (
					"$(inherited)",
					"@executable_path/Frameworks",
				);
				MARKETING_VERSION = 1.0;
				PRODUCT_BUNDLE_IDENTIFIER = "com.anhdinh.Warehouse-App";
				PRODUCT_NAME = "$(TARGET_NAME)";
				SWIFT_EMIT_LOC_STRINGS = YES;
				SWIFT_VERSION = 5.0;
				TARGETED_DEVICE_FAMILY = 1;
			};
			name = Release;
		};
/* End XCBuildConfiguration section */

/* Begin XCConfigurationList section */
		67D3FB8C27FFD66F00E99C56 /* Build configuration list for PBXProject "Warehouse App" */ = {
			isa = XCConfigurationList;
			buildConfigurations = (
				67D3FBA327FFD67200E99C56 /* Debug */,
				67D3FBA427FFD67200E99C56 /* Release */,
			);
			defaultConfigurationIsVisible = 0;
			defaultConfigurationName = Release;
		};
		67D3FBA527FFD67200E99C56 /* Build configuration list for PBXNativeTarget "Warehouse App" */ = {
			isa = XCConfigurationList;
			buildConfigurations = (
				67D3FBA627FFD67200E99C56 /* Debug */,
				67D3FBA727FFD67200E99C56 /* Release */,
			);
			defaultConfigurationIsVisible = 0;
			defaultConfigurationName = Release;
		};
/* End XCConfigurationList section */
	};
	rootObject = 67D3FB8927FFD66F00E99C56 /* Project object */;
}
